github.com/cpuguy83/go-md2man/v2 v2.0.7 h1:zbFlGlXEAKlwXpmvle3d8Oe3YnkKIK4xSRTd3sHPnBo=
github.com/cpuguy83/go-md2man/v2 v2.0.7/go.mod h1:oOW0eioCTA6cOiMLiUPZOpcVxMig6NIQQ7OS05n1F4g=
github.com/lucasb-eyer/go-colorful v1.2.0 h1:1nnpGOrhyZZuNyfu1QjKiUICQ74+3FNCN69Aj6K7nkY=
github.com/lucasb-eyer/go-colorful v1.2.0/go.mod h1:R4dSotOR9KMtayYi1e77YzuveK+i7ruzyGqttikkLy0=
github.com/peterhellberg/gfx v0.0.0-20191011152831-b91a0de61948/go.mod h1:itlt/V2ABb7sDu42VXQHXmQ4KOdrEbFZDVIaHsRcwak=
github.com/peterhellberg/gfx v0.0.0-20240717094052-4fa835cea5a4/go.mod h1:ipo3f7y1+RHNR32fj+4TETou6OF4VXvJBhb9rwncKuw=
github.com/peterhellberg/gfx v0.0.0-20250602150231-2e41f5fad310 h1:GYpS3eYKhZmxRlKKAMaSRM/V+L6IPFlYd+IB/kc7TmU=
github.com/peterhellberg/gfx v0.0.0-20250602150231-2e41f5fad310/go.mod h1:ipo3f7y1+RHNR32fj+4TETou6OF4VXvJBhb9rwncKuw=
github.com/russross/blackfriday/v2 v2.1.0 h1:JIOH55/0cWyOuilr9/qlrm0BSXldqnqwMsf35Ld67mk=
github.com/russross/blackfriday/v2 v2.1.0/go.mod h1:+Rmxgy9KzJVeS9/2gXHxylqXiyQDYRxCVz55jmeOWTM=
github.com/urfave/cli/v2 v2.27.7 h1:bH59vdhbjLv3LAvIu6gd0usJHgoTTPhCFib8qqOwXYU=
github.com/urfave/cli/v2 v2.27.7/go.mod h1:CyNAG/xg+iAOg0N4MPGZqVmv2rCoP267496AOXUZjA4=
github.com/xrash/smetrics v0.0.0-20250705151800-55b8f293f342 h1:FnBeRrxr7OU4VvAzt5X7s6266i6cSVkkFPS0TuXWbIg=
github.com/xrash/smetrics v0.0.0-20250705151800-55b8f293f342/go.mod h1:Ohn+xnUBiLI6FVj/9LpzZWtj1/D6lUovWYBkxHVV3aM=
github.com/xyproto/burnpal v1.0.0 h1:cwiMfJdQKRuTWbg6XjCjBNd7c0TLCpfbxLW5bQNzU+c=
github.com/xyproto/burnpal v1.0.0/go.mod h1:j3S/tDDOEkIChz0sWDqO3zXOgIjz/6nhuc+JrmZNLnA=
github.com/xyproto/palgen v1.6.1 h1:TmVtbNZ6VAPzTBxFDFm0Fxk5Xw+NVdnl1xmJuvzFHsI=
github.com/xyproto/palgen v1.6.1/go.mod h1:HOIPtsPHOgpGTSLifWenL1Q6C+Sq/QoC8REct5J8OPI=
github.com/xyproto/tinysvg v1.2.1 h1:rj2+8LwTYwSpi3elIKsWJd3fjNeFeso5GIUXCzbDWuU=
github.com/xyproto/tinysvg v1.2.1/go.mod h1:DKgmaYuFIvJab9ug4nH4ZG356VtUaKXG2mUU07GIurs=
