github.com/cpuguy83/go-md2man/v2 v2.0.7 h1:zbFlGlXEAKlwXpmvle3d8Oe3YnkKIK4xSRTd3sHPnBo=
github.com/cpuguy83/go-md2man/v2 v2.0.7/go.mod h1:oOW0eioCTA6cOiMLiUPZOpcVxMig6NIQQ7OS05n1F4g=
github.com/lucasb-eyer/go-colorful v1.4.0 h1:UtrWVfLdarDgc44HcS7pYloGHJUjHV/4FwW4TvVgFr4=
github.com/lucasb-eyer/go-colorful v1.4.0/go.mod h1:R4dSotOR9KMtayYi1e77YzuveK+i7ruzyGqttikkLy0=
github.com/peterhellberg/gfx v0.0.0-20260528221839-3f985a9df2a8 h1:D2GtBHuSjFDv55DBliwi3FzR/7g3/PitasBvgWOiBp4=
github.com/peterhellberg/gfx v0.0.0-20260528221839-3f985a9df2a8/go.mod h1:qGp0boEPIQQgCfeuqotDqMoj4bZjWMdPW3Fc+BjzOdk=
github.com/russross/blackfriday/v2 v2.1.0 h1:JIOH55/0cWyOuilr9/qlrm0BSXldqnqwMsf35Ld67mk=
github.com/russross/blackfriday/v2 v2.1.0/go.mod h1:+Rmxgy9KzJVeS9/2gXHxylqXiyQDYRxCVz55jmeOWTM=
github.com/urfave/cli/v2 v2.27.7 h1:bH59vdhbjLv3LAvIu6gd0usJHgoTTPhCFib8qqOwXYU=
github.com/urfave/cli/v2 v2.27.7/go.mod h1:CyNAG/xg+iAOg0N4MPGZqVmv2rCoP267496AOXUZjA4=
github.com/xrash/smetrics v0.0.0-20250705151800-55b8f293f342 h1:FnBeRrxr7OU4VvAzt5X7s6266i6cSVkkFPS0TuXWbIg=
github.com/xrash/smetrics v0.0.0-20250705151800-55b8f293f342/go.mod h1:Ohn+xnUBiLI6FVj/9LpzZWtj1/D6lUovWYBkxHVV3aM=
github.com/xyproto/burnpal v1.1.1 h1:JNsB8+ooXYcZdbiQW7pY3pZJy85g9WulUGyqH1D1xdU=
github.com/xyproto/burnpal v1.1.1/go.mod h1:yts/hiEcLTBpbilHmMwiQ6qVZnnqkN0DGvBSoHHJw6c=
github.com/xyproto/palgen v1.7.3 h1:iJBciQKbviwGk9RiCZh1GuEbPy3EZqU7kA3Z9XH+8a4=
github.com/xyproto/palgen v1.7.3/go.mod h1:tvw0/hegYkFWUbujw0l5f/xUZm8TdzW+NNHSZMbqaoU=
github.com/xyproto/tinysvg v1.2.1 h1:rj2+8LwTYwSpi3elIKsWJd3fjNeFeso5GIUXCzbDWuU=
github.com/xyproto/tinysvg v1.2.1/go.mod h1:DKgmaYuFIvJab9ug4nH4ZG356VtUaKXG2mUU07GIurs=
