github.com/cpuguy83/go-md2man/v2 v2.0.7 h1:zbFlGlXEAKlwXpmvle3d8Oe3YnkKIK4xSRTd3sHPnBo=
github.com/cpuguy83/go-md2man/v2 v2.0.7/go.mod h1:oOW0eioCTA6cOiMLiUPZOpcVxMig6NIQQ7OS05n1F4g=
github.com/lucasb-eyer/go-colorful v1.4.0 h1:UtrWVfLdarDgc44HcS7pYloGHJUjHV/4FwW4TvVgFr4=
github.com/lucasb-eyer/go-colorful v1.4.0/go.mod h1:R4dSotOR9KMtayYi1e77YzuveK+i7ruzyGqttikkLy0=
github.com/russross/blackfriday/v2 v2.1.0 h1:JIOH55/0cWyOuilr9/qlrm0BSXldqnqwMsf35Ld67mk=
github.com/russross/blackfriday/v2 v2.1.0/go.mod h1:+Rmxgy9KzJVeS9/2gXHxylqXiyQDYRxCVz55jmeOWTM=
github.com/urfave/cli/v2 v2.27.7 h1:bH59vdhbjLv3LAvIu6gd0usJHgoTTPhCFib8qqOwXYU=
github.com/urfave/cli/v2 v2.27.7/go.mod h1:CyNAG/xg+iAOg0N4MPGZqVmv2rCoP267496AOXUZjA4=
github.com/xrash/smetrics v0.0.0-20250705151800-55b8f293f342 h1:FnBeRrxr7OU4VvAzt5X7s6266i6cSVkkFPS0TuXWbIg=
github.com/xrash/smetrics v0.0.0-20250705151800-55b8f293f342/go.mod h1:Ohn+xnUBiLI6FVj/9LpzZWtj1/D6lUovWYBkxHVV3aM=
github.com/xyproto/burnpal v1.1.0 h1:kMb8e37EqwKV7ueggNckeKenMoBvMgUrgW8VhGWf+Nw=
github.com/xyproto/burnpal v1.1.0/go.mod h1:oB7DoVlDlzJKfTceXDrjteY9IORFr8hCUeaKXSvN5BM=
github.com/xyproto/gfx v1.0.0 h1:QXHH7ceDPPXqokad3vymj0U3mttLqUBxhcgGgxipOsM=
github.com/xyproto/gfx v1.0.0/go.mod h1:C17tSfsHHIX2AUISfDFPkxxjI/DUtN3DsN+4LwRcZm0=
github.com/xyproto/palgen v1.7.2 h1:vAqEcOJWi53TjJDdlxupZJNqgjxDWzWgYQMYPKzbhUg=
github.com/xyproto/palgen v1.7.2/go.mod h1:ArJWgi4jqiwbrMDRa52AIHyVJEa+H4187XHzwZWiMmU=
github.com/xyproto/tinysvg v1.2.1 h1:rj2+8LwTYwSpi3elIKsWJd3fjNeFeso5GIUXCzbDWuU=
github.com/xyproto/tinysvg v1.2.1/go.mod h1:DKgmaYuFIvJab9ug4nH4ZG356VtUaKXG2mUU07GIurs=
